{
  "nodes": {
    "ciel": {
      "inputs": {
        "nix-eda": [
          "librelane",
          "nix-eda"
        ]
      },
      "locked": {
        "lastModified": 1764091696,
        "narHash": "sha256-AWbkHL0zO3tD0mE3dZIcj8mVND7o3imTxOpEfOtlRDI=",
        "owner": "fossi-foundation",
        "repo": "ciel",
        "rev": "afcb23d368614ffa1e7e96584ed33f839c71c576",
        "type": "github"
      },
      "original": {
        "owner": "fossi-foundation",
        "repo": "ciel",
        "type": "github"
      }
    },
    "devshell": {
      "inputs": {
        "nixpkgs": [
          "librelane",
          "nix-eda",
          "nixpkgs"
        ]
      },
      "locked": {
        "lastModified": 1768818222,
        "narHash": "sha256-460jc0+CZfyaO8+w8JNtlClB2n4ui1RbHfPTLkpwhU8=",
        "owner": "numtide",
        "repo": "devshell",
        "rev": "255a2b1725a20d060f566e4755dbf571bbbb5f76",
        "type": "github"
      },
      "original": {
        "owner": "numtide",
        "repo": "devshell",
        "type": "github"
      }
    },
    "fabulator-src": {
      "flake": false,
      "locked": {
        "lastModified": 1754387121,
        "narHash": "sha256-ASM3lgvdH+6t4rkTixATETVGcibPVWhsFFD2sWfRDCc=",
        "owner": "FPGA-Research",
        "repo": "FABulator",
        "rev": "beccd4e4c58b9fc92fafaf082883c20367dbe5ba",
        "type": "github"
      },
      "original": {
        "owner": "FPGA-Research",
        "repo": "FABulator",
        "rev": "beccd4e4c58b9fc92fafaf082883c20367dbe5ba",
        "type": "github"
      }
    },
    "flake-compat": {
      "locked": {
        "lastModified": 1733328505,
        "narHash": "sha256-NeCCThCEP3eCl2l/+27kNNK7QrwZB1IJCrXfrbv5oqU=",
        "rev": "ff81ac966bb2cae68946d5ed5fc4994f96d0ffec",
        "revCount": 69,
        "type": "tarball",
        "url": "https://api.flakehub.com/f/pinned/edolstra/flake-compat/1.1.0/01948eb7-9cba-704f-bbf3-3fa956735b52/source.tar.gz"
      },
      "original": {
        "type": "tarball",
        "url": "https://flakehub.com/f/edolstra/flake-compat/1.tar.gz"
      }
    },
    "ghdl-bin-aarch64-darwin": {
      "flake": false,
      "locked": {
        "lastModified": 1771278188,
        "narHash": "sha256-O6QOsoV6k9LJPar6VxZ1LMJjnPAADhTGzaj5RiS/zns=",
        "type": "tarball",
        "url": "https://github.com/ghdl/ghdl/releases/download/nightly/ghdl-llvm-jit-6.0.0-dev-macos15-aarch64.tar.gz"
      },
      "original": {
        "type": "tarball",
        "url": "https://github.com/ghdl/ghdl/releases/download/nightly/ghdl-llvm-jit-6.0.0-dev-macos15-aarch64.tar.gz"
      }
    },
    "ghdl-src": {
      "flake": false,
      "locked": {
        "lastModified": 1761160029,
        "narHash": "sha256-aOxJ4Jmngo4ceVjVZy69kNP54MIU4EV8kghNidYOQ28=",
        "owner": "ghdl",
        "repo": "ghdl",
        "rev": "c01020b2d3f2bf00d97c759e854b434181358c27",
        "type": "github"
      },
      "original": {
        "owner": "ghdl",
        "repo": "ghdl",
        "rev": "c01020b2d3f2bf00d97c759e854b434181358c27",
        "type": "github"
      }
    },
    "librelane": {
      "inputs": {
        "ciel": "ciel",
        "devshell": "devshell",
        "flake-compat": "flake-compat",
        "nix-eda": [
          "nix-eda"
        ]
      },
      "locked": {
        "lastModified": 1772417121,
        "narHash": "sha256-YG1/Exm1sXqydBvXQcSvRH3DcJbBMxu4P/AHytu9JMI=",
        "owner": "librelane",
        "repo": "librelane",
        "rev": "359bedc8aef928648b2fa247b9e845f4ec934276",
        "type": "github"
      },
      "original": {
        "owner": "librelane",
        "ref": "dev",
        "repo": "librelane",
        "type": "github"
      }
    },
    "nextpnr-src": {
      "flake": false,
      "locked": {
        "lastModified": 1757055739,
        "narHash": "sha256-14/S+I/BnH4J1b9HA5xBU/NHLcxBL5xFV/acox+j8ts=",
        "owner": "YosysHQ",
        "repo": "nextpnr",
        "rev": "9715a1d56580d0652b4a90d58eb4096ba537e3ce",
        "type": "github"
      },
      "original": {
        "owner": "YosysHQ",
        "ref": "nextpnr-0.9",
        "repo": "nextpnr",
        "type": "github"
      }
    },
    "nix-eda": {
      "inputs": {
        "nixpkgs": [
          "nixpkgs"
        ]
      },
      "locked": {
        "lastModified": 1771228699,
        "narHash": "sha256-ksV1LpZ0G+crnwe7ksLl7msaO7Mk+pDdRDTWW+Yr/JE=",
        "owner": "fossi-foundation",
        "repo": "nix-eda",
        "rev": "0c1d8bbc1d2a5bd4ba7962a306e5870b88d0cb72",
        "type": "github"
      },
      "original": {
        "owner": "fossi-foundation",
        "ref": "6.2.0",
        "repo": "nix-eda",
        "type": "github"
      }
    },
    "nixpkgs": {
      "locked": {
        "lastModified": 1766201043,
        "narHash": "sha256-eplAP+rorKKd0gNjV3rA6+0WMzb1X1i16F5m5pASnjA=",
        "owner": "nixos",
        "repo": "nixpkgs",
        "rev": "b3aad468604d3e488d627c0b43984eb60e75e782",
        "type": "github"
      },
      "original": {
        "owner": "nixos",
        "repo": "nixpkgs",
        "rev": "b3aad468604d3e488d627c0b43984eb60e75e782",
        "type": "github"
      }
    },
    "pyproject-build-systems": {
      "inputs": {
        "nixpkgs": [
          "nixpkgs"
        ],
        "pyproject-nix": [
          "pyproject-nix"
        ],
        "uv2nix": [
          "uv2nix"
        ]
      },
      "locked": {
        "lastModified": 1772555609,
        "narHash": "sha256-3BA3HnUvJSbHJAlJj6XSy0Jmu7RyP2gyB/0fL7XuEDo=",
        "owner": "pyproject-nix",
        "repo": "build-system-pkgs",
        "rev": "c37f66a953535c394244888598947679af231863",
        "type": "github"
      },
      "original": {
        "owner": "pyproject-nix",
        "repo": "build-system-pkgs",
        "type": "github"
      }
    },
    "pyproject-nix": {
      "inputs": {
        "nixpkgs": [
          "nixpkgs"
        ]
      },
      "locked": {
        "lastModified": 1771518446,
        "narHash": "sha256-nFJSfD89vWTu92KyuJWDoTQJuoDuddkJV3TlOl1cOic=",
        "owner": "pyproject-nix",
        "repo": "pyproject.nix",
        "rev": "eb204c6b3335698dec6c7fc1da0ebc3c6df05937",
        "type": "github"
      },
      "original": {
        "owner": "pyproject-nix",
        "repo": "pyproject.nix",
        "type": "github"
      }
    },
    "root": {
      "inputs": {
        "fabulator-src": "fabulator-src",
        "ghdl-bin-aarch64-darwin": "ghdl-bin-aarch64-darwin",
        "ghdl-src": "ghdl-src",
        "librelane": "librelane",
        "nextpnr-src": "nextpnr-src",
        "nix-eda": "nix-eda",
        "nixpkgs": "nixpkgs",
        "pyproject-build-systems": "pyproject-build-systems",
        "pyproject-nix": "pyproject-nix",
        "uv2nix": "uv2nix"
      }
    },
    "uv2nix": {
      "inputs": {
        "nixpkgs": [
          "nixpkgs"
        ],
        "pyproject-nix": [
          "pyproject-nix"
        ]
      },
      "locked": {
        "lastModified": 1772545244,
        "narHash": "sha256-Ys+5UMOqp2kRvnSjyBcvGnjOhkIXB88On1ZcAstz1vY=",
        "owner": "pyproject-nix",
        "repo": "uv2nix",
        "rev": "482aba340ded40ef557d331315f227d5eba84ced",
        "type": "github"
      },
      "original": {
        "owner": "pyproject-nix",
        "repo": "uv2nix",
        "type": "github"
      }
    }
  },
  "root": "root",
  "version": 7
}
